
Microsoft Visual Studio Solution File, Format Version 12.00
# Visual Studio Version 16
VisualStudioVersion = 16.0.31605.320
MinimumVisualStudioVersion = 10.0.40219.1
Project("{FAE04EC0-301F-11D3-BF4B-00C04F79EFBC}") = "Curs_04_MetodeAvansateDeProgramre", "Curs_03_MetodeAvansateDeProgramre\Curs_04_MetodeAvansateDeProgramre.csproj", "{68D81313-6E53-40A9-9682-808123E3794A}"
EndProject
Project("{FAE04EC0-301F-11D3-BF4B-00C04F79EFBC}") = "Problema2", "Problema2\Problema2.csproj", "{BF136217-E2F0-4322-BA99-2B36FA31CF43}"
EndProject
Global
	GlobalSection(SolutionConfigurationPlatforms) = preSolution
		Debug|Any CPU = Debug|Any CPU
		Release|Any CPU = Release|Any CPU
	EndGlobalSection
	GlobalSection(ProjectConfigurationPlatforms) = postSolution
		{68D81313-6E53-40A9-9682-808123E3794A}.Debug|Any CPU.ActiveCfg = Debug|Any CPU
		{68D81313-6E53-40A9-9682-808123E3794A}.Debug|Any CPU.Build.0 = Debug|Any CPU
		{68D81313-6E53-40A9-9682-808123E3794A}.Release|Any CPU.ActiveCfg = Release|Any CPU
		{68D81313-6E53-40A9-9682-808123E3794A}.Release|Any CPU.Build.0 = Release|Any CPU
		{BF136217-E2F0-4322-BA99-2B36FA31CF43}.Debug|Any CPU.ActiveCfg = Debug|Any CPU
		{BF136217-E2F0-4322-BA99-2B36FA31CF43}.Debug|Any CPU.Build.0 = Debug|Any CPU
		{BF136217-E2F0-4322-BA99-2B36FA31CF43}.Release|Any CPU.ActiveCfg = Release|Any CPU
		{BF136217-E2F0-4322-BA99-2B36FA31CF43}.Release|Any CPU.Build.0 = Release|Any CPU
	EndGlobalSection
	GlobalSection(SolutionProperties) = preSolution
		HideSolutionNode = FALSE
	EndGlobalSection
	GlobalSection(ExtensibilityGlobals) = postSolution
		SolutionGuid = {143E5338-8E78-43BF-9745-04DA3E1F1604}
	EndGlobalSection
EndGlobal
